
Microsoft Visual Studio Solution File, Format Version 12.00
# Visual Studio Version 17
VisualStudioVersion = 17.11.35327.3
MinimumVisualStudioVersion = 10.0.40219.1
Project("{FAE04EC0-301F-11D3-BF4B-00C04F79EFBC}") = "chuong2", "chuong2\chuong2.csproj", "{10AF3C73-4AF1-48AA-931D-BB4C4811CCED}"
EndProject
Global
	GlobalSection(SolutionConfigurationPlatforms) = preSolution
		Debug|Any CPU = Debug|Any CPU
		Release|Any CPU = Release|Any CPU
	EndGlobalSection
	GlobalSection(ProjectConfigurationPlatforms) = postSolution
		{10AF3C73-4AF1-48AA-931D-BB4C4811CCED}.Debug|Any CPU.ActiveCfg = Debug|Any CPU
		{10AF3C73-4AF1-48AA-931D-BB4C4811CCED}.Debug|Any CPU.Build.0 = Debug|Any CPU
		{10AF3C73-4AF1-48AA-931D-BB4C4811CCED}.Release|Any CPU.ActiveCfg = Release|Any CPU
		{10AF3C73-4AF1-48AA-931D-BB4C4811CCED}.Release|Any CPU.Build.0 = Release|Any CPU
	EndGlobalSection
	GlobalSection(SolutionProperties) = preSolution
		HideSolutionNode = FALSE
	EndGlobalSection
	GlobalSection(ExtensibilityGlobals) = postSolution
		SolutionGuid = {CE743876-7C55-49FE-BF6F-72CB1E3FA463}
	EndGlobalSection
EndGlobal
